
Microsoft Visual Studio Solution File, Format Version 12.00
# Visual Studio Version 17
VisualStudioVersion = 17.11.35312.102
MinimumVisualStudioVersion = 10.0.40219.1
Project("{FAE04EC0-301F-11D3-BF4B-00C04F79EFBC}") = "tst11", "tst11.csproj", "{ECE70FE7-9AA9-4AB6-A291-78B0C650E083}"
EndProject
Global
	GlobalSection(SolutionConfigurationPlatforms) = preSolution
		Debug|Any CPU = Debug|Any CPU
		Release|Any CPU = Release|Any CPU
	EndGlobalSection
	GlobalSection(ProjectConfigurationPlatforms) = postSolution
		{ECE70FE7-9AA9-4AB6-A291-78B0C650E083}.Debug|Any CPU.ActiveCfg = Debug|Any CPU
		{ECE70FE7-9AA9-4AB6-A291-78B0C650E083}.Debug|Any CPU.Build.0 = Debug|Any CPU
		{ECE70FE7-9AA9-4AB6-A291-78B0C650E083}.Release|Any CPU.ActiveCfg = Release|Any CPU
		{ECE70FE7-9AA9-4AB6-A291-78B0C650E083}.Release|Any CPU.Build.0 = Release|Any CPU
	EndGlobalSection
	GlobalSection(SolutionProperties) = preSolution
		HideSolutionNode = FALSE
	EndGlobalSection
	GlobalSection(ExtensibilityGlobals) = postSolution
		SolutionGuid = {A765D53F-13E9-41A2-A462-8FB1CA02AE84}
	EndGlobalSection
EndGlobal
